# This file is automatically @generated by Poetry 1.4.2 and should not be changed by hand.

[[package]]
name = "asgiref"
version = "3.8.1"
description = "ASGI specs, helper code, and adapters"
category = "main"
optional = false
python-versions = ">=3.8"
files = [
    {file = "asgiref-3.8.1-py3-none-any.whl", hash = "sha256:3e1e3ecc849832fe52ccf2cb6686b7a55f82bb1d6aee72a58826471390335e47"},
    {file = "asgiref-3.8.1.tar.gz", hash = "sha256:c343bd80a0bec947a9860adb4c432ffa7db769836c64238fc34bdc3fec84d590"},
]

[package.dependencies]
typing-extensions = {version = ">=4", markers = "python_version < \"3.11\""}

[package.extras]
tests = ["mypy (>=0.800)", "pytest", "pytest-asyncio"]

[[package]]
name = "colorama"
version = "0.4.6"
description = "Cross-platform colored terminal text."
category = "dev"
optional = false
python-versions = "!=3.0.*,!=3.1.*,!=3.2.*,!=3.3.*,!=3.4.*,!=3.5.*,!=3.6.*,>=2.7"
files = [
    {file = "colorama-0.4.6-py2.py3-none-any.whl", hash = "sha256:4f1d9991f5acc0ca119f9d443620b77f9d6b33703e51011c16baf57afb285fc6"},
    {file = "colorama-0.4.6.tar.gz", hash = "sha256:08695f5cb7ed6e0531a20572697297273c47b8cae5a63ffc6d6ed5c201be6e44"},
]

[[package]]
name = "decopatch"
version = "1.4.10"
description = "Create decorators easily in python."
category = "dev"
optional = false
python-versions = "*"
files = [
    {file = "decopatch-1.4.10-py2.py3-none-any.whl", hash = "sha256:e151f7f93de2b1b3fd3f3272dcc7cefd1a69f68ec1c2d8e288ecd9deb36dc5f7"},
    {file = "decopatch-1.4.10.tar.gz", hash = "sha256:957f49c93f4150182c23f8fb51d13bb3213e0f17a79e09c8cca7057598b55720"},
]

[package.dependencies]
makefun = ">=1.5.0"

[[package]]
name = "django"
version = "5.0.6"
description = "A high-level Python web framework that encourages rapid development and clean, pragmatic design."
category = "main"
optional = false
python-versions = ">=3.10"
files = [
    {file = "Django-5.0.6-py3-none-any.whl", hash = "sha256:8363ac062bb4ef7c3f12d078f6fa5d154031d129a15170a1066412af49d30905"},
    {file = "Django-5.0.6.tar.gz", hash = "sha256:ff1b61005004e476e0aeea47c7f79b85864c70124030e95146315396f1e7951f"},
]

[package.dependencies]
asgiref = ">=3.7.0,<4"
sqlparse = ">=0.3.1"
tzdata = {version = "*", markers = "sys_platform == \"win32\""}

[package.extras]
argon2 = ["argon2-cffi (>=19.1.0)"]
bcrypt = ["bcrypt"]

[[package]]
name = "exceptiongroup"
version = "1.2.1"
description = "Backport of PEP 654 (exception groups)"
category = "dev"
optional = false
python-versions = ">=3.7"
files = [
    {file = "exceptiongroup-1.2.1-py3-none-any.whl", hash = "sha256:5258b9ed329c5bbdd31a309f53cbfb0b155341807f6ff7606a1e801a891b29ad"},
    {file = "exceptiongroup-1.2.1.tar.gz", hash = "sha256:a4785e48b045528f5bfe627b6ad554ff32def154f42372786903b7abcfe1aa16"},
]

[package.extras]
test = ["pytest (>=6)"]

[[package]]
name = "factory-boy"
version = "3.3.0"
description = "A versatile test fixtures replacement based on thoughtbot's factory_bot for Ruby."
category = "dev"
optional = false
python-versions = ">=3.7"
files = [
    {file = "factory_boy-3.3.0-py2.py3-none-any.whl", hash = "sha256:a2cdbdb63228177aa4f1c52f4b6d83fab2b8623bf602c7dedd7eb83c0f69c04c"},
    {file = "factory_boy-3.3.0.tar.gz", hash = "sha256:bc76d97d1a65bbd9842a6d722882098eb549ec8ee1081f9fb2e8ff29f0c300f1"},
]

[package.dependencies]
Faker = ">=0.7.0"

[package.extras]
dev = ["Django", "Pillow", "SQLAlchemy", "coverage", "flake8", "isort", "mongoengine", "sqlalchemy-utils", "tox", "wheel (>=0.32.0)", "zest.releaser[recommended]"]
doc = ["Sphinx", "sphinx-rtd-theme", "sphinxcontrib-spelling"]

[[package]]
name = "faker"
version = "25.2.0"
description = "Faker is a Python package that generates fake data for you."
category = "dev"
optional = false
python-versions = ">=3.8"
files = [
    {file = "Faker-25.2.0-py3-none-any.whl", hash = "sha256:cfe97c4857c4c36ee32ea4aaabef884895992e209bae4cbd26807cf3e05c6918"},
    {file = "Faker-25.2.0.tar.gz", hash = "sha256:45b84f47ff1ef86e3d1a8d11583ca871ecf6730fad0660edadc02576583a2423"},
]

[package.dependencies]
python-dateutil = ">=2.4"

[[package]]
name = "freezegun"
version = "1.5.1"
description = "Let your Python tests travel through time"
category = "dev"
optional = false
python-versions = ">=3.7"
files = [
    {file = "freezegun-1.5.1-py3-none-any.whl", hash = "sha256:bf111d7138a8abe55ab48a71755673dbaa4ab87f4cff5634a4442dfec34c15f1"},
    {file = "freezegun-1.5.1.tar.gz", hash = "sha256:b29dedfcda6d5e8e083ce71b2b542753ad48cfec44037b3fc79702e2980a89e9"},
]

[package.dependencies]
python-dateutil = ">=2.7"

[[package]]
name = "inflection"
version = "0.5.1"
description = "A port of Ruby on Rails inflector to Python"
category = "dev"
optional = false
python-versions = ">=3.5"
files = [
    {file = "inflection-0.5.1-py2.py3-none-any.whl", hash = "sha256:f38b2b640938a4f35ade69ac3d053042959b62a0f1076a5bbaa1b9526605a8a2"},
    {file = "inflection-0.5.1.tar.gz", hash = "sha256:1a29730d366e996aaacffb2f1f1cb9593dc38e2ddd30c91250c6dde09ea9b417"},
]

[[package]]
name = "iniconfig"
version = "2.0.0"
description = "brain-dead simple config-ini parsing"
category = "dev"
optional = false
python-versions = ">=3.7"
files = [
    {file = "iniconfig-2.0.0-py3-none-any.whl", hash = "sha256:b6a85871a79d2e3b22d2d1b94ac2824226a63c6b741c88f7ae975f18b6778374"},
    {file = "iniconfig-2.0.0.tar.gz", hash = "sha256:2d91e135bf72d31a410b17c16da610a82cb55f6b0477d1a902134b24a455b8b3"},
]

[[package]]
name = "makefun"
version = "1.15.2"
description = "Small library to dynamically create python functions."
category = "dev"
optional = false
python-versions = "*"
files = [
    {file = "makefun-1.15.2-py2.py3-none-any.whl", hash = "sha256:1c83abfaefb6c3c7c83ed4a993b4a310af80adf6db15625b184b1f0f7545a041"},
    {file = "makefun-1.15.2.tar.gz", hash = "sha256:16f2a2b34d9ee0c2b578c960a1808c974e2822cf79f6e9b9c455aace10882d45"},
]

[[package]]
name = "packaging"
version = "24.0"
description = "Core utilities for Python packages"
category = "dev"
optional = false
python-versions = ">=3.7"
files = [
    {file = "packaging-24.0-py3-none-any.whl", hash = "sha256:2ddfb553fdf02fb784c234c7ba6ccc288296ceabec964ad2eae3777778130bc5"},
    {file = "packaging-24.0.tar.gz", hash = "sha256:eb82c5e3e56209074766e6885bb04b8c38a0c015d0a30036ebe7ece34c9989e9"},
]

[[package]]
name = "pluggy"
version = "1.5.0"
description = "plugin and hook calling mechanisms for python"
category = "dev"
optional = false
python-versions = ">=3.8"
files = [
    {file = "pluggy-1.5.0-py3-none-any.whl", hash = "sha256:44e1ad92c8ca002de6377e165f3e0f1be63266ab4d554740532335b9d75ea669"},
    {file = "pluggy-1.5.0.tar.gz", hash = "sha256:2cffa88e94fdc978c4c574f15f9e59b7f4201d439195c3715ca9e2486f1d0cf1"},
]

[package.extras]
dev = ["pre-commit", "tox"]
testing = ["pytest", "pytest-benchmark"]

[[package]]
name = "pytest"
version = "8.2.0"
description = "pytest: simple powerful testing with Python"
category = "dev"
optional = false
python-versions = ">=3.8"
files = [
    {file = "pytest-8.2.0-py3-none-any.whl", hash = "sha256:1733f0620f6cda4095bbf0d9ff8022486e91892245bb9e7d5542c018f612f233"},
    {file = "pytest-8.2.0.tar.gz", hash = "sha256:d507d4482197eac0ba2bae2e9babf0672eb333017bcedaa5fb1a3d42c1174b3f"},
]

[package.dependencies]
colorama = {version = "*", markers = "sys_platform == \"win32\""}
exceptiongroup = {version = ">=1.0.0rc8", markers = "python_version < \"3.11\""}
iniconfig = "*"
packaging = "*"
pluggy = ">=1.5,<2.0"
tomli = {version = ">=1", markers = "python_version < \"3.11\""}

[package.extras]
dev = ["argcomplete", "attrs (>=19.2)", "hypothesis (>=3.56)", "mock", "pygments (>=2.7.2)", "requests", "setuptools", "xmlschema"]

[[package]]
name = "pytest-cases"
version = "3.8.5"
description = "Separate test code from test cases in pytest."
category = "dev"
optional = false
python-versions = "*"
files = [
    {file = "pytest-cases-3.8.5.tar.gz", hash = "sha256:c92054187847a7d30d8ab6709fb1670a830e4e19234be700c85c96b6d7102c16"},
    {file = "pytest_cases-3.8.5-py2.py3-none-any.whl", hash = "sha256:0c8e3727f6494e65b47321adbd94c767277c7b5de1bd40dd518a13f7443b1fff"},
]

[package.dependencies]
decopatch = "*"
makefun = ">=1.15.1"
packaging = "*"

[[package]]
name = "pytest-django"
version = "4.8.0"
description = "A Django plugin for pytest."
category = "dev"
optional = false
python-versions = ">=3.8"
files = [
    {file = "pytest-django-4.8.0.tar.gz", hash = "sha256:5d054fe011c56f3b10f978f41a8efb2e5adfc7e680ef36fb571ada1f24779d90"},
    {file = "pytest_django-4.8.0-py3-none-any.whl", hash = "sha256:ca1ddd1e0e4c227cf9e3e40a6afc6d106b3e70868fd2ac5798a22501271cd0c7"},
]

[package.dependencies]
pytest = ">=7.0.0"

[package.extras]
docs = ["sphinx", "sphinx-rtd-theme"]
testing = ["Django", "django-configurations (>=2.0)"]

[[package]]
name = "pytest-factoryboy"
version = "2.7.0"
description = "Factory Boy support for pytest."
category = "dev"
optional = false
python-versions = ">=3.8"
files = [
    {file = "pytest_factoryboy-2.7.0-py3-none-any.whl", hash = "sha256:bf3222db22d954fbf46f4bff902a0a8d82f3fc3594a47c04bbdc0546ff4c59a6"},
    {file = "pytest_factoryboy-2.7.0.tar.gz", hash = "sha256:67fc54ec8669a3feb8ac60094dd57cd71eb0b20b2c319d2957873674c776a77b"},
]

[package.dependencies]
factory_boy = ">=2.10.0"
inflection = "*"
packaging = "*"
pytest = ">=6.2"
typing_extensions = "*"

[[package]]
name = "pytest-unordered"
version = "0.6.0"
description = "Test equality of unordered collections in pytest"
category = "dev"
optional = false
python-versions = "*"
files = [
    {file = "pytest-unordered-0.6.0.tar.gz", hash = "sha256:f61b4f6e06a60a92db50968954efac93e2f584290a49f53ad135e3f32f57e02a"},
    {file = "pytest_unordered-0.6.0-py3-none-any.whl", hash = "sha256:86675cade320d1c54864fedd10c2277f685bf2d958ef744c578b3d622000f2ac"},
]

[package.dependencies]
pytest = ">=7.0.0"

[[package]]
name = "python-dateutil"
version = "2.9.0.post0"
description = "Extensions to the standard Python datetime module"
category = "dev"
optional = false
python-versions = "!=3.0.*,!=3.1.*,!=3.2.*,>=2.7"
files = [
    {file = "python-dateutil-2.9.0.post0.tar.gz", hash = "sha256:37dd54208da7e1cd875388217d5e00ebd4179249f90fb72437e91a35459a0ad3"},
    {file = "python_dateutil-2.9.0.post0-py2.py3-none-any.whl", hash = "sha256:a8b2bc7bffae282281c8140a97d3aa9c14da0b136dfe83f850eea9a5f7470427"},
]

[package.dependencies]
six = ">=1.5"

[[package]]
name = "ruff"
version = "0.4.4"
description = "An extremely fast Python linter and code formatter, written in Rust."
category = "dev"
optional = false
python-versions = ">=3.7"
files = [
    {file = "ruff-0.4.4-py3-none-macosx_10_12_x86_64.whl", hash = "sha256:29d44ef5bb6a08e235c8249294fa8d431adc1426bfda99ed493119e6f9ea1bf6"},
    {file = "ruff-0.4.4-py3-none-macosx_11_0_arm64.whl", hash = "sha256:c4efe62b5bbb24178c950732ddd40712b878a9b96b1d02b0ff0b08a090cbd891"},
    {file = "ruff-0.4.4-py3-none-manylinux_2_17_aarch64.manylinux2014_aarch64.whl", hash = "sha256:4c8e2f1e8fc12d07ab521a9005d68a969e167b589cbcaee354cb61e9d9de9c15"},
    {file = "ruff-0.4.4-py3-none-manylinux_2_17_armv7l.manylinux2014_armv7l.whl", hash = "sha256:60ed88b636a463214905c002fa3eaab19795679ed55529f91e488db3fe8976ab"},
    {file = "ruff-0.4.4-py3-none-manylinux_2_17_i686.manylinux2014_i686.whl", hash = "sha256:b90fc5e170fc71c712cc4d9ab0e24ea505c6a9e4ebf346787a67e691dfb72e85"},
    {file = "ruff-0.4.4-py3-none-manylinux_2_17_ppc64.manylinux2014_ppc64.whl", hash = "sha256:8e7e6ebc10ef16dcdc77fd5557ee60647512b400e4a60bdc4849468f076f6eef"},
    {file = "ruff-0.4.4-py3-none-manylinux_2_17_ppc64le.manylinux2014_ppc64le.whl", hash = "sha256:b9ddb2c494fb79fc208cd15ffe08f32b7682519e067413dbaf5f4b01a6087bcd"},
    {file = "ruff-0.4.4-py3-none-manylinux_2_17_s390x.manylinux2014_s390x.whl", hash = "sha256:c51c928a14f9f0a871082603e25a1588059b7e08a920f2f9fa7157b5bf08cfe9"},
    {file = "ruff-0.4.4-py3-none-manylinux_2_17_x86_64.manylinux2014_x86_64.whl", hash = "sha256:b5eb0a4bfd6400b7d07c09a7725e1a98c3b838be557fee229ac0f84d9aa49c36"},
    {file = "ruff-0.4.4-py3-none-musllinux_1_2_aarch64.whl", hash = "sha256:b1867ee9bf3acc21778dcb293db504692eda5f7a11a6e6cc40890182a9f9e595"},
    {file = "ruff-0.4.4-py3-none-musllinux_1_2_armv7l.whl", hash = "sha256:1aecced1269481ef2894cc495647392a34b0bf3e28ff53ed95a385b13aa45768"},
    {file = "ruff-0.4.4-py3-none-musllinux_1_2_i686.whl", hash = "sha256:9da73eb616b3241a307b837f32756dc20a0b07e2bcb694fec73699c93d04a69e"},
    {file = "ruff-0.4.4-py3-none-musllinux_1_2_x86_64.whl", hash = "sha256:958b4ea5589706a81065e2a776237de2ecc3e763342e5cc8e02a4a4d8a5e6f95"},
    {file = "ruff-0.4.4-py3-none-win32.whl", hash = "sha256:cb53473849f011bca6e754f2cdf47cafc9c4f4ff4570003a0dad0b9b6890e876"},
    {file = "ruff-0.4.4-py3-none-win_amd64.whl", hash = "sha256:424e5b72597482543b684c11def82669cc6b395aa8cc69acc1858b5ef3e5daae"},
    {file = "ruff-0.4.4-py3-none-win_arm64.whl", hash = "sha256:39df0537b47d3b597293edbb95baf54ff5b49589eb7ff41926d8243caa995ea6"},
    {file = "ruff-0.4.4.tar.gz", hash = "sha256:f87ea42d5cdebdc6a69761a9d0bc83ae9b3b30d0ad78952005ba6568d6c022af"},
]

[[package]]
name = "six"
version = "1.16.0"
description = "Python 2 and 3 compatibility utilities"
category = "dev"
optional = false
python-versions = ">=2.7, !=3.0.*, !=3.1.*, !=3.2.*"
files = [
    {file = "six-1.16.0-py2.py3-none-any.whl", hash = "sha256:8abb2f1d86890a2dfb989f9a77cfcfd3e47c2a354b01111771326f8aa26e0254"},
    {file = "six-1.16.0.tar.gz", hash = "sha256:1e61c37477a1626458e36f7b1d82aa5c9b094fa4802892072e49de9c60c4c926"},
]

[[package]]
name = "sqlparse"
version = "0.5.0"
description = "A non-validating SQL parser."
category = "main"
optional = false
python-versions = ">=3.8"
files = [
    {file = "sqlparse-0.5.0-py3-none-any.whl", hash = "sha256:c204494cd97479d0e39f28c93d46c0b2d5959c7b9ab904762ea6c7af211c8663"},
    {file = "sqlparse-0.5.0.tar.gz", hash = "sha256:714d0a4932c059d16189f58ef5411ec2287a4360f17cdd0edd2d09d4c5087c93"},
]

[package.extras]
dev = ["build", "hatch"]
doc = ["sphinx"]

[[package]]
name = "tomli"
version = "2.0.1"
description = "A lil' TOML parser"
category = "dev"
optional = false
python-versions = ">=3.7"
files = [
    {file = "tomli-2.0.1-py3-none-any.whl", hash = "sha256:939de3e7a6161af0c887ef91b7d41a53e7c5a1ca976325f429cb46ea9bc30ecc"},
    {file = "tomli-2.0.1.tar.gz", hash = "sha256:de526c12914f0c550d15924c62d72abc48d6fe7364aa87328337a31007fe8a4f"},
]

[[package]]
name = "typing-extensions"
version = "4.11.0"
description = "Backported and Experimental Type Hints for Python 3.8+"
category = "main"
optional = false
python-versions = ">=3.8"
files = [
    {file = "typing_extensions-4.11.0-py3-none-any.whl", hash = "sha256:c1f94d72897edaf4ce775bb7558d5b79d8126906a14ea5ed1635921406c0387a"},
    {file = "typing_extensions-4.11.0.tar.gz", hash = "sha256:83f085bd5ca59c80295fc2a82ab5dac679cbe02b9f33f7d83af68e241bea51b0"},
]

[[package]]
name = "tzdata"
version = "2024.1"
description = "Provider of IANA time zone data"
category = "main"
optional = false
python-versions = ">=2"
files = [
    {file = "tzdata-2024.1-py2.py3-none-any.whl", hash = "sha256:9068bc196136463f5245e51efda838afa15aaeca9903f49050dfa2679db4d252"},
    {file = "tzdata-2024.1.tar.gz", hash = "sha256:2674120f8d891909751c38abcdfd386ac0a5a1127954fbc332af6b5ceae07efd"},
]

[metadata]
lock-version = "2.0"
python-versions = ">=3.10"
content-hash = "6fd4fc74f434a153e18afafdf650c097241ae945f7af5a2c4a3faa5a6ca9bb13"
